{
    "name": "node-red-contrib-config-flow",
    "version": "0.0.1",
    "lockfileVersion": 1,
    "requires": true,
    "dependencies": {
        "debug": {
            "version": "https://registry.npmjs.org/debug/-/debug-2.6.9.tgz",
            "integrity": "sha1-XRKFFd8TT/Mn6QpMk/Tgd6U2NB8=",
            "requires": {
                "ms": "https://registry.npmjs.org/ms/-/ms-2.0.0.tgz"
            }
        },
        "encoding": {
            "version": "https://registry.npmjs.org/encoding/-/encoding-0.1.12.tgz",
            "integrity": "sha1-U4tm8+5izRq1HsMjgp0flIDHS+s=",
            "requires": {
                "iconv-lite": "https://registry.npmjs.org/iconv-lite/-/iconv-lite-0.4.19.tgz"
            }
        },
        "iconv-lite": {
            "version": "https://registry.npmjs.org/iconv-lite/-/iconv-lite-0.4.19.tgz",
            "integrity": "sha1-90aPYBNfXl2tM5nAqBvpoWA6CCs="
        },
        "is-stream": {
            "version": "https://registry.npmjs.org/is-stream/-/is-stream-1.1.0.tgz",
            "integrity": "sha1-EtSj3U5o4Lec6428hBc66A2RykQ="
        },
        "is-typedarray": {
            "version": "https://registry.npmjs.org/is-typedarray/-/is-typedarray-1.0.0.tgz",
            "integrity": "sha1-5HnICFjfDBsR3dppQPlgEfzaSpo="
        },
        "ms": {
            "version": "https://registry.npmjs.org/ms/-/ms-2.0.0.tgz",
            "integrity": "sha1-VgiurfwAvmwpAd9fmGF4jeDVl8g="
        },
        "nan": {
            "version": "https://registry.npmjs.org/nan/-/nan-2.7.0.tgz",
            "integrity": "sha1-2Vv3IeyHfgjbJ27T/G63j5CDrUY="
        },
        "node-fetch": {
            "version": "https://registry.npmjs.org/node-fetch/-/node-fetch-1.7.3.tgz",
            "integrity": "sha1-mA9vcthSEaU0fGsrwYxbhMPrR+8=",
            "requires": {
                "encoding": "https://registry.npmjs.org/encoding/-/encoding-0.1.12.tgz",
                "is-stream": "https://registry.npmjs.org/is-stream/-/is-stream-1.1.0.tgz"
            }
        },
        "typedarray-to-buffer": {
            "version": "https://registry.npmjs.org/typedarray-to-buffer/-/typedarray-to-buffer-3.1.2.tgz",
            "integrity": "sha1-EBezLZhP9VbroQD1AViauhrOLgQ=",
            "requires": {
                "is-typedarray": "https://registry.npmjs.org/is-typedarray/-/is-typedarray-1.0.0.tgz"
            }
        },
        "websocket": {
            "version": "https://registry.npmjs.org/websocket/-/websocket-1.0.25.tgz",
            "integrity": "sha1-mY7HkPCj6suLCLUKQ1ACZpKhGVg=",
            "requires": {
                "debug": "https://registry.npmjs.org/debug/-/debug-2.6.9.tgz",
                "nan": "https://registry.npmjs.org/nan/-/nan-2.7.0.tgz",
                "typedarray-to-buffer": "https://registry.npmjs.org/typedarray-to-buffer/-/typedarray-to-buffer-3.1.2.tgz",
                "yaeti": "https://registry.npmjs.org/yaeti/-/yaeti-0.0.6.tgz"
            }
        },
        "yaeti": {
            "version": "https://registry.npmjs.org/yaeti/-/yaeti-0.0.6.tgz",
            "integrity": "sha1-8m9ITXJoTPQr7ft2lwqhYI+/lXc="
        },
        "zetapush-cometd": {
            "version": "https://registry.npmjs.org/zetapush-cometd/-/zetapush-cometd-3.2.0.tgz",
            "integrity": "sha1-VTTGNtspoiz0cAKrizGrHC53i5w=",
            "requires": {
                "node-fetch": "https://registry.npmjs.org/node-fetch/-/node-fetch-1.7.3.tgz",
                "websocket": "https://registry.npmjs.org/websocket/-/websocket-1.0.25.tgz"
            }
        },
        "zetapush-js": {
            "version": "https://registry.npmjs.org/zetapush-js/-/zetapush-js-3.2.0.tgz",
            "integrity": "sha1-SGUg2L3q7gL+9o4wzhk6DFP6/bQ=",
            "requires": {
                "zetapush-cometd": "https://registry.npmjs.org/zetapush-cometd/-/zetapush-cometd-3.2.0.tgz"
            }
        }
    }
}
